
Microsoft Visual Studio Solution File, Format Version 12.00
# Visual Studio Version 17
VisualStudioVersion = 17.0.32112.339
MinimumVisualStudioVersion = 10.0.40219.1
Project("{2150E333-8FDC-42A3-9474-1A3956D46DE8}") = "Services", "Services", "{C817ABFF-C498-4B52-A6D1-ABBD717648D6}"
EndProject
Project("{2150E333-8FDC-42A3-9474-1A3956D46DE8}") = "Catalog", "Catalog", "{FF1FADC5-4106-4C60-A889-A2AD91107D8A}"
EndProject
Project("{9A19103F-16F7-4668-BE54-9A1E7A4F7556}") = "Catalog.API", "Services\Catalog\Catalog.API\Catalog.API.csproj", "{D945C8BC-A376-4929-88B7-3AF4B2216B6E}"
EndProject
Project("{E53339B2-1760-4266-BCC7-CA923CBCF16C}") = "docker-compose", "docker-compose.dcproj", "{F6D6A95A-ADC4-4992-B7D6-5404D1CFCD34}"
EndProject
Project("{2150E333-8FDC-42A3-9474-1A3956D46DE8}") = "Basket", "Basket", "{255AACCF-21B6-4299-9560-9533350F451A}"
EndProject
Project("{9A19103F-16F7-4668-BE54-9A1E7A4F7556}") = "Basket.API", "Services\Basket\Basket.API\Basket.API.csproj", "{7F1F2FC9-6AAB-4406-B107-C41F4EBCF325}"
EndProject
Project("{2150E333-8FDC-42A3-9474-1A3956D46DE8}") = "Discount", "Discount", "{2164DC77-977F-48A3-AFCE-B6CA38302E6D}"
EndProject
Project("{9A19103F-16F7-4668-BE54-9A1E7A4F7556}") = "Discount.API", "Services\Discount\Discount.API\Discount.API.csproj", "{DF384AB0-F836-456F-B2F0-9C955C014C66}"
EndProject
Project("{9A19103F-16F7-4668-BE54-9A1E7A4F7556}") = "Discount.Grpc", "Services\Discount\Discount.Grpc\Discount.Grpc.csproj", "{E9D2B2AA-67F3-4E58-96AA-EBF429202CDA}"
EndProject
Project("{2150E333-8FDC-42A3-9474-1A3956D46DE8}") = "Ordering", "Ordering", "{35A156D3-7ABE-4D3C-8DDF-B3A8E75D355B}"
EndProject
Project("{9A19103F-16F7-4668-BE54-9A1E7A4F7556}") = "Ordering.API", "Services\Ordering\Ordering.API\Ordering.API.csproj", "{F065E982-FD32-4B9A-B1F7-36670517B1FE}"
EndProject
Project("{2150E333-8FDC-42A3-9474-1A3956D46DE8}") = "Ordering.Infrastructure", "Ordering.Infrastructure", "{53DF7F34-CA88-4200-9D84-0B9B49BAAAA6}"
EndProject
Project("{9A19103F-16F7-4668-BE54-9A1E7A4F7556}") = "Ordering.Infrastructure", "Services\Ordering\Ordering.Infrastructure\Ordering.Infrastructure.csproj", "{8E3309CF-844C-4B3F-8C1D-214FE7E88CC3}"
EndProject
Project("{2150E333-8FDC-42A3-9474-1A3956D46DE8}") = "Ordering.Domain", "Ordering.Domain", "{C8F4626C-75F2-4464-86A0-E27A444E7C73}"
EndProject
Project("{2150E333-8FDC-42A3-9474-1A3956D46DE8}") = "Ordering.Application", "Ordering.Application", "{CC419A5B-A72A-481A-8B7D-1CD57FEB3F13}"
EndProject
Project("{9A19103F-16F7-4668-BE54-9A1E7A4F7556}") = "Ordering.Domain", "Services\Ordering\Ordering.Domain\Ordering.Domain.csproj", "{27DA7449-4F68-4051-8AE7-B921D8584A7E}"
EndProject
Project("{9A19103F-16F7-4668-BE54-9A1E7A4F7556}") = "Ordering.Application", "Services\Ordering\Ordering.Application\Ordering.Application.csproj", "{0C481848-BAFF-4D36-ABFD-561E053B7541}"
EndProject
Project("{2150E333-8FDC-42A3-9474-1A3956D46DE8}") = "BuildingBlocks", "BuildingBlocks", "{ABAE496E-4B2C-44D8-B471-F215270F80CB}"
EndProject
Project("{9A19103F-16F7-4668-BE54-9A1E7A4F7556}") = "EventBus.Messages", "BuildingBlocks\EventBus.Messages\EventBus.Messages.csproj", "{8C73CB13-BEDD-494D-B52A-48B05AE8B102}"
EndProject
Project("{2150E333-8FDC-42A3-9474-1A3956D46DE8}") = "ApiGateways", "ApiGateways", "{814E446F-FB45-4F12-B137-C45F9DAE3E17}"
EndProject
Project("{9A19103F-16F7-4668-BE54-9A1E7A4F7556}") = "OcelotApiGw", "ApiGateways\OcelotApiGw\OcelotApiGw.csproj", "{CEA96026-C3E0-4377-99AB-29F4501A6EE8}"
EndProject
Project("{FAE04EC0-301F-11D3-BF4B-00C04F79EFBC}") = "ShoppingAggregator", "ApiGateways\ShoppingAggregator\ShoppingAggregator.csproj", "{37A1B584-43F3-4A1E-814D-82C27194C848}"
EndProject
Global
	GlobalSection(SolutionConfigurationPlatforms) = preSolution
		Debug|Any CPU = Debug|Any CPU
		Release|Any CPU = Release|Any CPU
	EndGlobalSection
	GlobalSection(ProjectConfigurationPlatforms) = postSolution
		{D945C8BC-A376-4929-88B7-3AF4B2216B6E}.Debug|Any CPU.ActiveCfg = Debug|Any CPU
		{D945C8BC-A376-4929-88B7-3AF4B2216B6E}.Debug|Any CPU.Build.0 = Debug|Any CPU
		{D945C8BC-A376-4929-88B7-3AF4B2216B6E}.Release|Any CPU.ActiveCfg = Release|Any CPU
		{D945C8BC-A376-4929-88B7-3AF4B2216B6E}.Release|Any CPU.Build.0 = Release|Any CPU
		{F6D6A95A-ADC4-4992-B7D6-5404D1CFCD34}.Debug|Any CPU.ActiveCfg = Debug|Any CPU
		{F6D6A95A-ADC4-4992-B7D6-5404D1CFCD34}.Debug|Any CPU.Build.0 = Debug|Any CPU
		{F6D6A95A-ADC4-4992-B7D6-5404D1CFCD34}.Release|Any CPU.ActiveCfg = Release|Any CPU
		{F6D6A95A-ADC4-4992-B7D6-5404D1CFCD34}.Release|Any CPU.Build.0 = Release|Any CPU
		{7F1F2FC9-6AAB-4406-B107-C41F4EBCF325}.Debug|Any CPU.ActiveCfg = Debug|Any CPU
		{7F1F2FC9-6AAB-4406-B107-C41F4EBCF325}.Debug|Any CPU.Build.0 = Debug|Any CPU
		{7F1F2FC9-6AAB-4406-B107-C41F4EBCF325}.Release|Any CPU.ActiveCfg = Release|Any CPU
		{7F1F2FC9-6AAB-4406-B107-C41F4EBCF325}.Release|Any CPU.Build.0 = Release|Any CPU
		{DF384AB0-F836-456F-B2F0-9C955C014C66}.Debug|Any CPU.ActiveCfg = Debug|Any CPU
		{DF384AB0-F836-456F-B2F0-9C955C014C66}.Debug|Any CPU.Build.0 = Debug|Any CPU
		{DF384AB0-F836-456F-B2F0-9C955C014C66}.Release|Any CPU.ActiveCfg = Release|Any CPU
		{DF384AB0-F836-456F-B2F0-9C955C014C66}.Release|Any CPU.Build.0 = Release|Any CPU
		{E9D2B2AA-67F3-4E58-96AA-EBF429202CDA}.Debug|Any CPU.ActiveCfg = Debug|Any CPU
		{E9D2B2AA-67F3-4E58-96AA-EBF429202CDA}.Debug|Any CPU.Build.0 = Debug|Any CPU
		{E9D2B2AA-67F3-4E58-96AA-EBF429202CDA}.Release|Any CPU.ActiveCfg = Release|Any CPU
		{E9D2B2AA-67F3-4E58-96AA-EBF429202CDA}.Release|Any CPU.Build.0 = Release|Any CPU
		{F065E982-FD32-4B9A-B1F7-36670517B1FE}.Debug|Any CPU.ActiveCfg = Debug|Any CPU
		{F065E982-FD32-4B9A-B1F7-36670517B1FE}.Debug|Any CPU.Build.0 = Debug|Any CPU
		{F065E982-FD32-4B9A-B1F7-36670517B1FE}.Release|Any CPU.ActiveCfg = Release|Any CPU
		{F065E982-FD32-4B9A-B1F7-36670517B1FE}.Release|Any CPU.Build.0 = Release|Any CPU
		{8E3309CF-844C-4B3F-8C1D-214FE7E88CC3}.Debug|Any CPU.ActiveCfg = Debug|Any CPU
		{8E3309CF-844C-4B3F-8C1D-214FE7E88CC3}.Debug|Any CPU.Build.0 = Debug|Any CPU
		{8E3309CF-844C-4B3F-8C1D-214FE7E88CC3}.Release|Any CPU.ActiveCfg = Release|Any CPU
		{8E3309CF-844C-4B3F-8C1D-214FE7E88CC3}.Release|Any CPU.Build.0 = Release|Any CPU
		{27DA7449-4F68-4051-8AE7-B921D8584A7E}.Debug|Any CPU.ActiveCfg = Debug|Any CPU
		{27DA7449-4F68-4051-8AE7-B921D8584A7E}.Debug|Any CPU.Build.0 = Debug|Any CPU
		{27DA7449-4F68-4051-8AE7-B921D8584A7E}.Release|Any CPU.ActiveCfg = Release|Any CPU
		{27DA7449-4F68-4051-8AE7-B921D8584A7E}.Release|Any CPU.Build.0 = Release|Any CPU
		{0C481848-BAFF-4D36-ABFD-561E053B7541}.Debug|Any CPU.ActiveCfg = Debug|Any CPU
		{0C481848-BAFF-4D36-ABFD-561E053B7541}.Debug|Any CPU.Build.0 = Debug|Any CPU
		{0C481848-BAFF-4D36-ABFD-561E053B7541}.Release|Any CPU.ActiveCfg = Release|Any CPU
		{0C481848-BAFF-4D36-ABFD-561E053B7541}.Release|Any CPU.Build.0 = Release|Any CPU
		{8C73CB13-BEDD-494D-B52A-48B05AE8B102}.Debug|Any CPU.ActiveCfg = Debug|Any CPU
		{8C73CB13-BEDD-494D-B52A-48B05AE8B102}.Debug|Any CPU.Build.0 = Debug|Any CPU
		{8C73CB13-BEDD-494D-B52A-48B05AE8B102}.Release|Any CPU.ActiveCfg = Release|Any CPU
		{8C73CB13-BEDD-494D-B52A-48B05AE8B102}.Release|Any CPU.Build.0 = Release|Any CPU
		{CEA96026-C3E0-4377-99AB-29F4501A6EE8}.Debug|Any CPU.ActiveCfg = Debug|Any CPU
		{CEA96026-C3E0-4377-99AB-29F4501A6EE8}.Debug|Any CPU.Build.0 = Debug|Any CPU
		{CEA96026-C3E0-4377-99AB-29F4501A6EE8}.Release|Any CPU.ActiveCfg = Release|Any CPU
		{CEA96026-C3E0-4377-99AB-29F4501A6EE8}.Release|Any CPU.Build.0 = Release|Any CPU
		{37A1B584-43F3-4A1E-814D-82C27194C848}.Debug|Any CPU.ActiveCfg = Debug|Any CPU
		{37A1B584-43F3-4A1E-814D-82C27194C848}.Debug|Any CPU.Build.0 = Debug|Any CPU
		{37A1B584-43F3-4A1E-814D-82C27194C848}.Release|Any CPU.ActiveCfg = Release|Any CPU
		{37A1B584-43F3-4A1E-814D-82C27194C848}.Release|Any CPU.Build.0 = Release|Any CPU
	EndGlobalSection
	GlobalSection(SolutionProperties) = preSolution
		HideSolutionNode = FALSE
	EndGlobalSection
	GlobalSection(NestedProjects) = preSolution
		{FF1FADC5-4106-4C60-A889-A2AD91107D8A} = {C817ABFF-C498-4B52-A6D1-ABBD717648D6}
		{D945C8BC-A376-4929-88B7-3AF4B2216B6E} = {FF1FADC5-4106-4C60-A889-A2AD91107D8A}
		{255AACCF-21B6-4299-9560-9533350F451A} = {C817ABFF-C498-4B52-A6D1-ABBD717648D6}
		{7F1F2FC9-6AAB-4406-B107-C41F4EBCF325} = {255AACCF-21B6-4299-9560-9533350F451A}
		{2164DC77-977F-48A3-AFCE-B6CA38302E6D} = {C817ABFF-C498-4B52-A6D1-ABBD717648D6}
		{DF384AB0-F836-456F-B2F0-9C955C014C66} = {2164DC77-977F-48A3-AFCE-B6CA38302E6D}
		{E9D2B2AA-67F3-4E58-96AA-EBF429202CDA} = {2164DC77-977F-48A3-AFCE-B6CA38302E6D}
		{35A156D3-7ABE-4D3C-8DDF-B3A8E75D355B} = {C817ABFF-C498-4B52-A6D1-ABBD717648D6}
		{F065E982-FD32-4B9A-B1F7-36670517B1FE} = {35A156D3-7ABE-4D3C-8DDF-B3A8E75D355B}
		{53DF7F34-CA88-4200-9D84-0B9B49BAAAA6} = {35A156D3-7ABE-4D3C-8DDF-B3A8E75D355B}
		{8E3309CF-844C-4B3F-8C1D-214FE7E88CC3} = {53DF7F34-CA88-4200-9D84-0B9B49BAAAA6}
		{C8F4626C-75F2-4464-86A0-E27A444E7C73} = {35A156D3-7ABE-4D3C-8DDF-B3A8E75D355B}
		{CC419A5B-A72A-481A-8B7D-1CD57FEB3F13} = {35A156D3-7ABE-4D3C-8DDF-B3A8E75D355B}
		{27DA7449-4F68-4051-8AE7-B921D8584A7E} = {C8F4626C-75F2-4464-86A0-E27A444E7C73}
		{0C481848-BAFF-4D36-ABFD-561E053B7541} = {CC419A5B-A72A-481A-8B7D-1CD57FEB3F13}
		{8C73CB13-BEDD-494D-B52A-48B05AE8B102} = {ABAE496E-4B2C-44D8-B471-F215270F80CB}
		{CEA96026-C3E0-4377-99AB-29F4501A6EE8} = {814E446F-FB45-4F12-B137-C45F9DAE3E17}
		{37A1B584-43F3-4A1E-814D-82C27194C848} = {814E446F-FB45-4F12-B137-C45F9DAE3E17}
	EndGlobalSection
	GlobalSection(ExtensibilityGlobals) = postSolution
		SolutionGuid = {144634C3-DE01-443F-B6AC-4A399A4498DA}
	EndGlobalSection
EndGlobal
